
Microsoft Visual Studio Solution File, Format Version 12.00
# Visual Studio Version 17
VisualStudioVersion = 17.0.31903.59
MinimumVisualStudioVersion = 10.0.40219.1
Project("{2150E333-8FDC-42A3-9474-1A3956D46DE8}") = "tests", "tests", "{4FECCDAC-4B71-4575-9FFF-390E895BD09B}"
EndProject
Project("{FAE04EC0-301F-11D3-BF4B-00C04F79EFBC}") = "Mcp.Azure.Authorization.Tests", "tests\Mcp.Azure.Authorization.Tests\Mcp.Azure.Authorization.Tests.csproj", "{0E124339-6BFB-46E3-9E7B-862E92DF9A6E}"
EndProject
Project("{2150E333-8FDC-42A3-9474-1A3956D46DE8}") = "src", "src", "{EAE2EE32-34EA-4525-A971-04842C7F4914}"
EndProject
Project("{FAE04EC0-301F-11D3-BF4B-00C04F79EFBC}") = "Mcp.Azure.Authorization", "src\Mcp.Azure.Authorization\Mcp.Azure.Authorization.csproj", "{EBAFAC69-D629-49F2-B4DC-BC0D8B1E3258}"
EndProject
Project("{FAE04EC0-301F-11D3-BF4B-00C04F79EFBC}") = "Mcp.Azure.Tests.Common", "tests\Mcp.Azure.Tests.Common\Mcp.Azure.Tests.Common.csproj", "{F3F40711-3F35-4A96-808A-7CE6947F12BC}"
EndProject
Project("{FAE04EC0-301F-11D3-BF4B-00C04F79EFBC}") = "Mcp.Azure.ManagedServiceIdentities", "src\Mcp.Azure.ManagedServiceIdentities\Mcp.Azure.ManagedServiceIdentities.csproj", "{12722373-1377-4B42-B919-9BEFAC883DAE}"
EndProject
Project("{FAE04EC0-301F-11D3-BF4B-00C04F79EFBC}") = "Mcp.Azure.ResourceManager", "src\Mcp.Azure.ResourceManager\Mcp.Azure.ResourceManager.csproj", "{866C3E53-5348-471C-86D6-9C7745B0C3BF}"
EndProject
Project("{FAE04EC0-301F-11D3-BF4B-00C04F79EFBC}") = "Mcp.Azure.Graph", "src\Mcp.Azure.Graph\Mcp.Azure.Graph.csproj", "{65F1A35C-990B-47D1-89A8-F31294C8FD23}"
EndProject
Project("{FAE04EC0-301F-11D3-BF4B-00C04F79EFBC}") = "Mcp.Azure.Context", "src\Mcp.Azure.Context\Mcp.Azure.Context.csproj", "{2CDC9F34-0307-4B9B-914C-A622C603B022}"
EndProject
Project("{FAE04EC0-301F-11D3-BF4B-00C04F79EFBC}") = "Mcp.Azure.ManagedServiceIdentities.Tests", "tests\Mcp.Azure.ManagedServiceIdentities.Tests\Mcp.Azure.ManagedServiceIdentities.Tests.csproj", "{90B17EFF-CC7F-490C-A03A-B46BECF09180}"
EndProject
Global
	GlobalSection(SolutionConfigurationPlatforms) = preSolution
		Debug|Any CPU = Debug|Any CPU
		Debug|x64 = Debug|x64
		Debug|x86 = Debug|x86
		Release|Any CPU = Release|Any CPU
		Release|x64 = Release|x64
		Release|x86 = Release|x86
	EndGlobalSection
	GlobalSection(ProjectConfigurationPlatforms) = postSolution
		{0E124339-6BFB-46E3-9E7B-862E92DF9A6E}.Debug|Any CPU.ActiveCfg = Debug|Any CPU
		{0E124339-6BFB-46E3-9E7B-862E92DF9A6E}.Debug|Any CPU.Build.0 = Debug|Any CPU
		{0E124339-6BFB-46E3-9E7B-862E92DF9A6E}.Debug|x64.ActiveCfg = Debug|Any CPU
		{0E124339-6BFB-46E3-9E7B-862E92DF9A6E}.Debug|x64.Build.0 = Debug|Any CPU
		{0E124339-6BFB-46E3-9E7B-862E92DF9A6E}.Debug|x86.ActiveCfg = Debug|Any CPU
		{0E124339-6BFB-46E3-9E7B-862E92DF9A6E}.Debug|x86.Build.0 = Debug|Any CPU
		{0E124339-6BFB-46E3-9E7B-862E92DF9A6E}.Release|Any CPU.ActiveCfg = Release|Any CPU
		{0E124339-6BFB-46E3-9E7B-862E92DF9A6E}.Release|Any CPU.Build.0 = Release|Any CPU
		{0E124339-6BFB-46E3-9E7B-862E92DF9A6E}.Release|x64.ActiveCfg = Release|Any CPU
		{0E124339-6BFB-46E3-9E7B-862E92DF9A6E}.Release|x64.Build.0 = Release|Any CPU
		{0E124339-6BFB-46E3-9E7B-862E92DF9A6E}.Release|x86.ActiveCfg = Release|Any CPU
		{0E124339-6BFB-46E3-9E7B-862E92DF9A6E}.Release|x86.Build.0 = Release|Any CPU
		{EBAFAC69-D629-49F2-B4DC-BC0D8B1E3258}.Debug|Any CPU.ActiveCfg = Debug|Any CPU
		{EBAFAC69-D629-49F2-B4DC-BC0D8B1E3258}.Debug|Any CPU.Build.0 = Debug|Any CPU
		{EBAFAC69-D629-49F2-B4DC-BC0D8B1E3258}.Debug|x64.ActiveCfg = Debug|Any CPU
		{EBAFAC69-D629-49F2-B4DC-BC0D8B1E3258}.Debug|x64.Build.0 = Debug|Any CPU
		{EBAFAC69-D629-49F2-B4DC-BC0D8B1E3258}.Debug|x86.ActiveCfg = Debug|Any CPU
		{EBAFAC69-D629-49F2-B4DC-BC0D8B1E3258}.Debug|x86.Build.0 = Debug|Any CPU
		{EBAFAC69-D629-49F2-B4DC-BC0D8B1E3258}.Release|Any CPU.ActiveCfg = Release|Any CPU
		{EBAFAC69-D629-49F2-B4DC-BC0D8B1E3258}.Release|Any CPU.Build.0 = Release|Any CPU
		{EBAFAC69-D629-49F2-B4DC-BC0D8B1E3258}.Release|x64.ActiveCfg = Release|Any CPU
		{EBAFAC69-D629-49F2-B4DC-BC0D8B1E3258}.Release|x64.Build.0 = Release|Any CPU
		{EBAFAC69-D629-49F2-B4DC-BC0D8B1E3258}.Release|x86.ActiveCfg = Release|Any CPU
		{EBAFAC69-D629-49F2-B4DC-BC0D8B1E3258}.Release|x86.Build.0 = Release|Any CPU
		{F3F40711-3F35-4A96-808A-7CE6947F12BC}.Debug|Any CPU.ActiveCfg = Debug|Any CPU
		{F3F40711-3F35-4A96-808A-7CE6947F12BC}.Debug|Any CPU.Build.0 = Debug|Any CPU
		{F3F40711-3F35-4A96-808A-7CE6947F12BC}.Debug|x64.ActiveCfg = Debug|Any CPU
		{F3F40711-3F35-4A96-808A-7CE6947F12BC}.Debug|x64.Build.0 = Debug|Any CPU
		{F3F40711-3F35-4A96-808A-7CE6947F12BC}.Debug|x86.ActiveCfg = Debug|Any CPU
		{F3F40711-3F35-4A96-808A-7CE6947F12BC}.Debug|x86.Build.0 = Debug|Any CPU
		{F3F40711-3F35-4A96-808A-7CE6947F12BC}.Release|Any CPU.ActiveCfg = Release|Any CPU
		{F3F40711-3F35-4A96-808A-7CE6947F12BC}.Release|Any CPU.Build.0 = Release|Any CPU
		{F3F40711-3F35-4A96-808A-7CE6947F12BC}.Release|x64.ActiveCfg = Release|Any CPU
		{F3F40711-3F35-4A96-808A-7CE6947F12BC}.Release|x64.Build.0 = Release|Any CPU
		{F3F40711-3F35-4A96-808A-7CE6947F12BC}.Release|x86.ActiveCfg = Release|Any CPU
		{F3F40711-3F35-4A96-808A-7CE6947F12BC}.Release|x86.Build.0 = Release|Any CPU
		{12722373-1377-4B42-B919-9BEFAC883DAE}.Debug|Any CPU.ActiveCfg = Debug|Any CPU
		{12722373-1377-4B42-B919-9BEFAC883DAE}.Debug|Any CPU.Build.0 = Debug|Any CPU
		{12722373-1377-4B42-B919-9BEFAC883DAE}.Debug|x64.ActiveCfg = Debug|Any CPU
		{12722373-1377-4B42-B919-9BEFAC883DAE}.Debug|x64.Build.0 = Debug|Any CPU
		{12722373-1377-4B42-B919-9BEFAC883DAE}.Debug|x86.ActiveCfg = Debug|Any CPU
		{12722373-1377-4B42-B919-9BEFAC883DAE}.Debug|x86.Build.0 = Debug|Any CPU
		{12722373-1377-4B42-B919-9BEFAC883DAE}.Release|Any CPU.ActiveCfg = Release|Any CPU
		{12722373-1377-4B42-B919-9BEFAC883DAE}.Release|Any CPU.Build.0 = Release|Any CPU
		{12722373-1377-4B42-B919-9BEFAC883DAE}.Release|x64.ActiveCfg = Release|Any CPU
		{12722373-1377-4B42-B919-9BEFAC883DAE}.Release|x64.Build.0 = Release|Any CPU
		{12722373-1377-4B42-B919-9BEFAC883DAE}.Release|x86.ActiveCfg = Release|Any CPU
		{12722373-1377-4B42-B919-9BEFAC883DAE}.Release|x86.Build.0 = Release|Any CPU
		{866C3E53-5348-471C-86D6-9C7745B0C3BF}.Debug|Any CPU.ActiveCfg = Debug|Any CPU
		{866C3E53-5348-471C-86D6-9C7745B0C3BF}.Debug|Any CPU.Build.0 = Debug|Any CPU
		{866C3E53-5348-471C-86D6-9C7745B0C3BF}.Debug|x64.ActiveCfg = Debug|Any CPU
		{866C3E53-5348-471C-86D6-9C7745B0C3BF}.Debug|x64.Build.0 = Debug|Any CPU
		{866C3E53-5348-471C-86D6-9C7745B0C3BF}.Debug|x86.ActiveCfg = Debug|Any CPU
		{866C3E53-5348-471C-86D6-9C7745B0C3BF}.Debug|x86.Build.0 = Debug|Any CPU
		{866C3E53-5348-471C-86D6-9C7745B0C3BF}.Release|Any CPU.ActiveCfg = Release|Any CPU
		{866C3E53-5348-471C-86D6-9C7745B0C3BF}.Release|Any CPU.Build.0 = Release|Any CPU
		{866C3E53-5348-471C-86D6-9C7745B0C3BF}.Release|x64.ActiveCfg = Release|Any CPU
		{866C3E53-5348-471C-86D6-9C7745B0C3BF}.Release|x64.Build.0 = Release|Any CPU
		{866C3E53-5348-471C-86D6-9C7745B0C3BF}.Release|x86.ActiveCfg = Release|Any CPU
		{866C3E53-5348-471C-86D6-9C7745B0C3BF}.Release|x86.Build.0 = Release|Any CPU
		{65F1A35C-990B-47D1-89A8-F31294C8FD23}.Debug|Any CPU.ActiveCfg = Debug|Any CPU
		{65F1A35C-990B-47D1-89A8-F31294C8FD23}.Debug|Any CPU.Build.0 = Debug|Any CPU
		{65F1A35C-990B-47D1-89A8-F31294C8FD23}.Debug|x64.ActiveCfg = Debug|Any CPU
		{65F1A35C-990B-47D1-89A8-F31294C8FD23}.Debug|x64.Build.0 = Debug|Any CPU
		{65F1A35C-990B-47D1-89A8-F31294C8FD23}.Debug|x86.ActiveCfg = Debug|Any CPU
		{65F1A35C-990B-47D1-89A8-F31294C8FD23}.Debug|x86.Build.0 = Debug|Any CPU
		{65F1A35C-990B-47D1-89A8-F31294C8FD23}.Release|Any CPU.ActiveCfg = Release|Any CPU
		{65F1A35C-990B-47D1-89A8-F31294C8FD23}.Release|Any CPU.Build.0 = Release|Any CPU
		{65F1A35C-990B-47D1-89A8-F31294C8FD23}.Release|x64.ActiveCfg = Release|Any CPU
		{65F1A35C-990B-47D1-89A8-F31294C8FD23}.Release|x64.Build.0 = Release|Any CPU
		{65F1A35C-990B-47D1-89A8-F31294C8FD23}.Release|x86.ActiveCfg = Release|Any CPU
		{65F1A35C-990B-47D1-89A8-F31294C8FD23}.Release|x86.Build.0 = Release|Any CPU
		{2CDC9F34-0307-4B9B-914C-A622C603B022}.Debug|Any CPU.ActiveCfg = Debug|Any CPU
		{2CDC9F34-0307-4B9B-914C-A622C603B022}.Debug|Any CPU.Build.0 = Debug|Any CPU
		{2CDC9F34-0307-4B9B-914C-A622C603B022}.Debug|x64.ActiveCfg = Debug|Any CPU
		{2CDC9F34-0307-4B9B-914C-A622C603B022}.Debug|x64.Build.0 = Debug|Any CPU
		{2CDC9F34-0307-4B9B-914C-A622C603B022}.Debug|x86.ActiveCfg = Debug|Any CPU
		{2CDC9F34-0307-4B9B-914C-A622C603B022}.Debug|x86.Build.0 = Debug|Any CPU
		{2CDC9F34-0307-4B9B-914C-A622C603B022}.Release|Any CPU.ActiveCfg = Release|Any CPU
		{2CDC9F34-0307-4B9B-914C-A622C603B022}.Release|Any CPU.Build.0 = Release|Any CPU
		{2CDC9F34-0307-4B9B-914C-A622C603B022}.Release|x64.ActiveCfg = Release|Any CPU
		{2CDC9F34-0307-4B9B-914C-A622C603B022}.Release|x64.Build.0 = Release|Any CPU
		{2CDC9F34-0307-4B9B-914C-A622C603B022}.Release|x86.ActiveCfg = Release|Any CPU
		{2CDC9F34-0307-4B9B-914C-A622C603B022}.Release|x86.Build.0 = Release|Any CPU
		{90B17EFF-CC7F-490C-A03A-B46BECF09180}.Debug|Any CPU.ActiveCfg = Debug|Any CPU
		{90B17EFF-CC7F-490C-A03A-B46BECF09180}.Debug|Any CPU.Build.0 = Debug|Any CPU
		{90B17EFF-CC7F-490C-A03A-B46BECF09180}.Debug|x64.ActiveCfg = Debug|Any CPU
		{90B17EFF-CC7F-490C-A03A-B46BECF09180}.Debug|x64.Build.0 = Debug|Any CPU
		{90B17EFF-CC7F-490C-A03A-B46BECF09180}.Debug|x86.ActiveCfg = Debug|Any CPU
		{90B17EFF-CC7F-490C-A03A-B46BECF09180}.Debug|x86.Build.0 = Debug|Any CPU
		{90B17EFF-CC7F-490C-A03A-B46BECF09180}.Release|Any CPU.ActiveCfg = Release|Any CPU
		{90B17EFF-CC7F-490C-A03A-B46BECF09180}.Release|Any CPU.Build.0 = Release|Any CPU
		{90B17EFF-CC7F-490C-A03A-B46BECF09180}.Release|x64.ActiveCfg = Release|Any CPU
		{90B17EFF-CC7F-490C-A03A-B46BECF09180}.Release|x64.Build.0 = Release|Any CPU
		{90B17EFF-CC7F-490C-A03A-B46BECF09180}.Release|x86.ActiveCfg = Release|Any CPU
		{90B17EFF-CC7F-490C-A03A-B46BECF09180}.Release|x86.Build.0 = Release|Any CPU
	EndGlobalSection
	GlobalSection(SolutionProperties) = preSolution
		HideSolutionNode = FALSE
	EndGlobalSection
	GlobalSection(NestedProjects) = preSolution
		{0E124339-6BFB-46E3-9E7B-862E92DF9A6E} = {4FECCDAC-4B71-4575-9FFF-390E895BD09B}
		{EBAFAC69-D629-49F2-B4DC-BC0D8B1E3258} = {EAE2EE32-34EA-4525-A971-04842C7F4914}
		{F3F40711-3F35-4A96-808A-7CE6947F12BC} = {4FECCDAC-4B71-4575-9FFF-390E895BD09B}
		{12722373-1377-4B42-B919-9BEFAC883DAE} = {EAE2EE32-34EA-4525-A971-04842C7F4914}
		{866C3E53-5348-471C-86D6-9C7745B0C3BF} = {EAE2EE32-34EA-4525-A971-04842C7F4914}
		{65F1A35C-990B-47D1-89A8-F31294C8FD23} = {EAE2EE32-34EA-4525-A971-04842C7F4914}
		{2CDC9F34-0307-4B9B-914C-A622C603B022} = {EAE2EE32-34EA-4525-A971-04842C7F4914}
		{90B17EFF-CC7F-490C-A03A-B46BECF09180} = {4FECCDAC-4B71-4575-9FFF-390E895BD09B}
	EndGlobalSection
EndGlobal
